{
	"name": "workspace",
	"lockfileVersion": 3,
	"requires": true,
	"packages": {
		"": {
			"devDependencies": {
				"@prettier/plugin-php": "^0.22.4",
				"prettier": "^3.5.3",
				"prettier-plugin-blade": "^2.1.21"
			}
		},
		"node_modules/@prettier/plugin-php": {
			"version": "0.22.4",
			"dev": true,
			"license": "MIT",
			"dependencies": {
				"linguist-languages": "^7.27.0",
				"php-parser": "^3.1.5"
			},
			"peerDependencies": {
				"prettier": "^3.0.0"
			}
		},
		"node_modules/linguist-languages": {
			"version": "7.29.0",
			"dev": true,
			"license": "MIT"
		},
		"node_modules/php-parser": {
			"version": "3.2.2",
			"dev": true,
			"license": "BSD-3-Clause"
		},
		"node_modules/prettier": {
			"version": "3.5.3",
			"dev": true,
			"license": "MIT",
			"bin": {
				"prettier": "bin/prettier.cjs"
			},
			"engines": {
				"node": ">=14"
			},
			"funding": {
				"url": "https://github.com/prettier/prettier?sponsor=1"
			}
		},
		"node_modules/prettier-plugin-blade": {
			"version": "2.1.21",
			"dev": true,
			"license": "MIT",
			"engines": {
				"node": ">=12.0.0"
			},
			"peerDependencies": {
				"prettier": ">=3"
			}
		}
	}
}
